
Microsoft Visual Studio Solution File, Format Version 12.00
# Visual Studio Version 17
VisualStudioVersion = 17.12.35527.113
MinimumVisualStudioVersion = 10.0.40219.1
Project("{FAE04EC0-301F-11D3-BF4B-00C04F79EFBC}") = "TraversalCoreProject", "TraversalCoreProject\TraversalCoreProject.csproj", "{C14D11A9-C0BF-4101-9267-04CB3FEC6C91}"
EndProject
Project("{FAE04EC0-301F-11D3-BF4B-00C04F79EFBC}") = "EntityLayer", "EntityLayer\EntityLayer.csproj", "{B71F16FC-6BA0-4764-B00B-B922FF44E0D9}"
EndProject
Project("{FAE04EC0-301F-11D3-BF4B-00C04F79EFBC}") = "DataAccessLayer", "DataAccessLayer\DataAccessLayer.csproj", "{353A2650-5084-4226-B151-F45E2F93AE69}"
EndProject
Project("{FAE04EC0-301F-11D3-BF4B-00C04F79EFBC}") = "BusinessLayer", "BusinessLayer\BusinessLayer.csproj", "{8CAB7957-B692-4E4A-BF03-44B723E99080}"
EndProject
Project("{2150E333-8FDC-42A3-9474-1A3956D46DE8}") = "Solution Items", "Solution Items", "{2D0ED308-ADA6-46DD-8FA1-107A445B4FA1}"
	ProjectSection(SolutionItems) = preProject
		.gitignore = .gitignore
	EndProjectSection
EndProject
Global
	GlobalSection(SolutionConfigurationPlatforms) = preSolution
		Debug|Any CPU = Debug|Any CPU
		Release|Any CPU = Release|Any CPU
	EndGlobalSection
	GlobalSection(ProjectConfigurationPlatforms) = postSolution
		{C14D11A9-C0BF-4101-9267-04CB3FEC6C91}.Debug|Any CPU.ActiveCfg = Debug|Any CPU
		{C14D11A9-C0BF-4101-9267-04CB3FEC6C91}.Debug|Any CPU.Build.0 = Debug|Any CPU
		{C14D11A9-C0BF-4101-9267-04CB3FEC6C91}.Release|Any CPU.ActiveCfg = Release|Any CPU
		{C14D11A9-C0BF-4101-9267-04CB3FEC6C91}.Release|Any CPU.Build.0 = Release|Any CPU
		{B71F16FC-6BA0-4764-B00B-B922FF44E0D9}.Debug|Any CPU.ActiveCfg = Debug|Any CPU
		{B71F16FC-6BA0-4764-B00B-B922FF44E0D9}.Debug|Any CPU.Build.0 = Debug|Any CPU
		{B71F16FC-6BA0-4764-B00B-B922FF44E0D9}.Release|Any CPU.ActiveCfg = Release|Any CPU
		{B71F16FC-6BA0-4764-B00B-B922FF44E0D9}.Release|Any CPU.Build.0 = Release|Any CPU
		{353A2650-5084-4226-B151-F45E2F93AE69}.Debug|Any CPU.ActiveCfg = Debug|Any CPU
		{353A2650-5084-4226-B151-F45E2F93AE69}.Debug|Any CPU.Build.0 = Debug|Any CPU
		{353A2650-5084-4226-B151-F45E2F93AE69}.Release|Any CPU.ActiveCfg = Release|Any CPU
		{353A2650-5084-4226-B151-F45E2F93AE69}.Release|Any CPU.Build.0 = Release|Any CPU
		{8CAB7957-B692-4E4A-BF03-44B723E99080}.Debug|Any CPU.ActiveCfg = Debug|Any CPU
		{8CAB7957-B692-4E4A-BF03-44B723E99080}.Debug|Any CPU.Build.0 = Debug|Any CPU
		{8CAB7957-B692-4E4A-BF03-44B723E99080}.Release|Any CPU.ActiveCfg = Release|Any CPU
		{8CAB7957-B692-4E4A-BF03-44B723E99080}.Release|Any CPU.Build.0 = Release|Any CPU
	EndGlobalSection
	GlobalSection(SolutionProperties) = preSolution
		HideSolutionNode = FALSE
	EndGlobalSection
EndGlobal
